// !$*UTF8*$!
{
	archiveVersion = 1;
	classes = {
	};
	objectVersion = 50;
	objects = {

/* Begin PBXBuildFile section */
		18553A5722DE4053007D400C /* AppDelegate.swift in Sources */ = {isa = PBXBuildFile; fileRef = 18553A5622DE4053007D400C /* AppDelegate.swift */; };
		18553A5C22DE4053007D400C /* Main.storyboard in Resources */ = {isa = PBXBuildFile; fileRef = 18553A5A22DE4053007D400C /* Main.storyboard */; };
		18553A5F22DE4053007D400C /* realViewFinder.xcdatamodeld in Sources */ = {isa = PBXBuildFile; fileRef = 18553A5D22DE4053007D400C /* realViewFinder.xcdatamodeld */; };
		18553A6122DE4055007D400C /* Assets.xcassets in Resources */ = {isa = PBXBuildFile; fileRef = 18553A6022DE4055007D400C /* Assets.xcassets */; };
		18553A6422DE4055007D400C /* LaunchScreen.storyboard in Resources */ = {isa = PBXBuildFile; fileRef = 18553A6222DE4055007D400C /* LaunchScreen.storyboard */; };
		18553A6C22DE4414007D400C /* AddPhotoViewController.swift in Sources */ = {isa = PBXBuildFile; fileRef = 18553A6B22DE4414007D400C /* AddPhotoViewController.swift */; };
		18553A6E22DE4E2D007D400C /* PostTableTableViewController.swift in Sources */ = {isa = PBXBuildFile; fileRef = 18553A6D22DE4E2D007D400C /* PostTableTableViewController.swift */; };
/* End PBXBuildFile section */

/* Begin PBXFileReference section */
		18553A5322DE4053007D400C /* realViewFinder.app */ = {isa = PBXFileReference; explicitFileType = wrapper.application; includeInIndex = 0; path = realViewFinder.app; sourceTree = BUILT_PRODUCTS_DIR; };
		18553A5622DE4053007D400C /* AppDelegate.swift */ = {isa = PBXFileReference; lastKnownFileType = sourcecode.swift; path = AppDelegate.swift; sourceTree = "<group>"; };
		18553A5B22DE4053007D400C /* Base */ = {isa = PBXFileReference; lastKnownFileType = file.storyboard; name = Base; path = Base.lproj/Main.storyboard; sourceTree = "<group>"; };
		18553A5E22DE4053007D400C /* realViewFinder.xcdatamodel */ = {isa = PBXFileReference; lastKnownFileType = wrapper.xcdatamodel; path = realViewFinder.xcdatamodel; sourceTree = "<group>"; };
		18553A6022DE4055007D400C /* Assets.xcassets */ = {isa = PBXFileReference; lastKnownFileType = folder.assetcatalog; path = Assets.xcassets; sourceTree = "<group>"; };
		18553A6322DE4055007D400C /* Base */ = {isa = PBXFileReference; lastKnownFileType = file.storyboard; name = Base; path = Base.lproj/LaunchScreen.storyboard; sourceTree = "<group>"; };
		18553A6522DE4055007D400C /* Info.plist */ = {isa = PBXFileReference; lastKnownFileType = text.plist.xml; path = Info.plist; sourceTree = "<group>"; };
		18553A6B22DE4414007D400C /* AddPhotoViewController.swift */ = {isa = PBXFileReference; lastKnownFileType = sourcecode.swift; path = AddPhotoViewController.swift; sourceTree = "<group>"; };
		18553A6D22DE4E2D007D400C /* PostTableTableViewController.swift */ = {isa = PBXFileReference; lastKnownFileType = sourcecode.swift; path = PostTableTableViewController.swift; sourceTree = "<group>"; };
/* End PBXFileReference section */

/* Begin PBXFrameworksBuildPhase section */
		18553A5022DE4053007D400C /* Frameworks */ = {
			isa = PBXFrameworksBuildPhase;
			buildActionMask = 2147483647;
			files = (
			);
			runOnlyForDeploymentPostprocessing = 0;
		};
/* End PBXFrameworksBuildPhase section */

/* Begin PBXGroup section */
		18553A4A22DE4053007D400C = {
			isa = PBXGroup;
			children = (
				18553A5522DE4053007D400C /* realViewFinder */,
				18553A5422DE4053007D400C /* Products */,
			);
			sourceTree = "<group>";
		};
		18553A5422DE4053007D400C /* Products */ = {
			isa = PBXGroup;
			children = (
				18553A5322DE4053007D400C /* realViewFinder.app */,
			);
			name = Products;
			sourceTree = "<group>";
		};
		18553A5522DE4053007D400C /* realViewFinder */ = {
			isa = PBXGroup;
			children = (
				18553A5622DE4053007D400C /* AppDelegate.swift */,
				18553A5A22DE4053007D400C /* Main.storyboard */,
				18553A6D22DE4E2D007D400C /* PostTableTableViewController.swift */,
				18553A6B22DE4414007D400C /* AddPhotoViewController.swift */,
				18553A6022DE4055007D400C /* Assets.xcassets */,
				18553A6222DE4055007D400C /* LaunchScreen.storyboard */,
				18553A6522DE4055007D400C /* Info.plist */,
				18553A5D22DE4053007D400C /* realViewFinder.xcdatamodeld */,
			);
			path = realViewFinder;
			sourceTree = "<group>";
		};
/* End PBXGroup section */

/* Begin PBXNativeTarget section */
		18553A5222DE4053007D400C /* realViewFinder */ = {
			isa = PBXNativeTarget;
			buildConfigurationList = 18553A6822DE4055007D400C /* Build configuration list for PBXNativeTarget "realViewFinder" */;
			buildPhases = (
				18553A4F22DE4053007D400C /* Sources */,
				18553A5022DE4053007D400C /* Frameworks */,
				18553A5122DE4053007D400C /* Resources */,
			);
			buildRules = (
			);
			dependencies = (
			);
			name = realViewFinder;
			productName = realViewFinder;
			productReference = 18553A5322DE4053007D400C /* realViewFinder.app */;
			productType = "com.apple.product-type.application";
		};
/* End PBXNativeTarget section */

/* Begin PBXProject section */
		18553A4B22DE4053007D400C /* Project object */ = {
			isa = PBXProject;
			attributes = {
				LastSwiftUpdateCheck = 1020;
				LastUpgradeCheck = 1020;
				ORGANIZATIONNAME = Apple;
				TargetAttributes = {
					18553A5222DE4053007D400C = {
						CreatedOnToolsVersion = 10.2.1;
					};
				};
			};
			buildConfigurationList = 18553A4E22DE4053007D400C /* Build configuration list for PBXProject "realViewFinder" */;
			compatibilityVersion = "Xcode 9.3";
			developmentRegion = en;
			hasScannedForEncodings = 0;
			knownRegions = (
				en,
				Base,
			);
			mainGroup = 18553A4A22DE4053007D400C;
			productRefGroup = 18553A5422DE4053007D400C /* Products */;
			projectDirPath = "";
			projectRoot = "";
			targets = (
				18553A5222DE4053007D400C /* realViewFinder */,
			);
		};
/* End PBXProject section */

/* Begin PBXResourcesBuildPhase section */
		18553A5122DE4053007D400C /* Resources */ = {
			isa = PBXResourcesBuildPhase;
			buildActionMask = 2147483647;
			files = (
				18553A6422DE4055007D400C /* LaunchScreen.storyboard in Resources */,
				18553A6122DE4055007D400C /* Assets.xcassets in Resources */,
				18553A5C22DE4053007D400C /* Main.storyboard in Resources */,
			);
			runOnlyForDeploymentPostprocessing = 0;
		};
/* End PBXResourcesBuildPhase section */

/* Begin PBXSourcesBuildPhase section */
		18553A4F22DE4053007D400C /* Sources */ = {
			isa = PBXSourcesBuildPhase;
			buildActionMask = 2147483647;
			files = (
				18553A5F22DE4053007D400C /* realViewFinder.xcdatamodeld in Sources */,
				18553A6C22DE4414007D400C /* AddPhotoViewController.swift in Sources */,
				18553A6E22DE4E2D007D400C /* PostTableTableViewController.swift in Sources */,
				18553A5722DE4053007D400C /* AppDelegate.swift in Sources */,
			);
			runOnlyForDeploymentPostprocessing = 0;
		};
/* End PBXSourcesBuildPhase section */

/* Begin PBXVariantGroup section */
		18553A5A22DE4053007D400C /* Main.storyboard */ = {
			isa = PBXVariantGroup;
			children = (
				18553A5B22DE4053007D400C /* Base */,
			);
			name = Main.storyboard;
			sourceTree = "<group>";
		};
		18553A6222DE4055007D400C /* LaunchScreen.storyboard */ = {
			isa = PBXVariantGroup;
			children = (
				18553A6322DE4055007D400C /* Base */,
			);
			name = LaunchScreen.storyboard;
			sourceTree = "<group>";
		};
/* End PBXVariantGroup section */

/* Begin XCBuildConfiguration section */
		18553A6622DE4055007D400C /* Debug */ = {
			isa = XCBuildConfiguration;
			buildSettings = {
				ALWAYS_SEARCH_USER_PATHS = NO;
				CLANG_ANALYZER_NONNULL = YES;
				CLANG_ANALYZER_NUMBER_OBJECT_CONVERSION = YES_AGGRESSIVE;
				CLANG_CXX_LANGUAGE_STANDARD = "gnu++14";
				CLANG_CXX_LIBRARY = "libc++";
				CLANG_ENABLE_MODULES = YES;
				CLANG_ENABLE_OBJC_ARC = YES;
				CLANG_ENABLE_OBJC_WEAK = YES;
				CLANG_WARN_BLOCK_CAPTURE_AUTORELEASING = YES;
				CLANG_WARN_BOOL_CONVERSION = YES;
				CLANG_WARN_COMMA = YES;
				CLANG_WARN_CONSTANT_CONVERSION = YES;
				CLANG_WARN_DEPRECATED_OBJC_IMPLEMENTATIONS = YES;
				CLANG_WARN_DIRECT_OBJC_ISA_USAGE = YES_ERROR;
				CLANG_WARN_DOCUMENTATION_COMMENTS = YES;
				CLANG_WARN_EMPTY_BODY = YES;
				CLANG_WARN_ENUM_CONVERSION = YES;
				CLANG_WARN_INFINITE_RECURSION = YES;
				CLANG_WARN_INT_CONVERSION = YES;
				CLANG_WARN_NON_LITERAL_NULL_CONVERSION = YES;
				CLANG_WARN_OBJC_IMPLICIT_RETAIN_SELF = YES;
				CLANG_WARN_OBJC_LITERAL_CONVERSION = YES;
				CLANG_WARN_OBJC_ROOT_CLASS = YES_ERROR;
				CLANG_WARN_RANGE_LOOP_ANALYSIS = YES;
				CLANG_WARN_STRICT_PROTOTYPES = YES;
				CLANG_WARN_SUSPICIOUS_MOVE = YES;
				CLANG_WARN_UNGUARDED_AVAILABILITY = YES_AGGRESSIVE;
				CLANG_WARN_UNREACHABLE_CODE = YES;
				CLANG_WARN__DUPLICATE_METHOD_MATCH = YES;
				CODE_SIGN_IDENTITY = "iPhone Developer";
				COPY_PHASE_STRIP = NO;
				DEBUG_INFORMATION_FORMAT = dwarf;
				ENABLE_STRICT_OBJC_MSGSEND = YES;
				ENABLE_TESTABILITY = YES;
				GCC_C_LANGUAGE_STANDARD = gnu11;
				GCC_DYNAMIC_NO_PIC = NO;
				GCC_NO_COMMON_BLOCKS = YES;
				GCC_OPTIMIZATION_LEVEL = 0;
				GCC_PREPROCESSOR_DEFINITIONS = (
					"DEBUG=1",
					"$(inherited)",
				);
				GCC_WARN_64_TO_32_BIT_CONVERSION = YES;
				GCC_WARN_ABOUT_RETURN_TYPE = YES_ERROR;
				GCC_WARN_UNDECLARED_SELECTOR = YES;
				GCC_WARN_UNINITIALIZED_AUTOS = YES_AGGRESSIVE;
				GCC_WARN_UNUSED_FUNCTION = YES;
				GCC_WARN_UNUSED_VARIABLE = YES;
				IPHONEOS_DEPLOYMENT_TARGET = 12.2;
				MTL_ENABLE_DEBUG_INFO = INCLUDE_SOURCE;
				MTL_FAST_MATH = YES;
				ONLY_ACTIVE_ARCH = YES;
				SDKROOT = iphoneos;
				SWIFT_ACTIVE_COMPILATION_CONDITIONS = DEBUG;
				SWIFT_OPTIMIZATION_LEVEL = "-Onone";
			};
			name = Debug;
		};
		18553A6722DE4055007D400C /* Release */ = {
			isa = XCBuildConfiguration;
			buildSettings = {
				ALWAYS_SEARCH_USER_PATHS = NO;
				CLANG_ANALYZER_NONNULL = YES;
				CLANG_ANALYZER_NUMBER_OBJECT_CONVERSION = YES_AGGRESSIVE;
				CLANG_CXX_LANGUAGE_STANDARD = "gnu++14";
				CLANG_CXX_LIBRARY = "libc++";
				CLANG_ENABLE_MODULES = YES;
				CLANG_ENABLE_OBJC_ARC = YES;
				CLANG_ENABLE_OBJC_WEAK = YES;
				CLANG_WARN_BLOCK_CAPTURE_AUTORELEASING = YES;
				CLANG_WARN_BOOL_CONVERSION = YES;
				CLANG_WARN_COMMA = YES;
				CLANG_WARN_CONSTANT_CONVERSION = YES;
				CLANG_WARN_DEPRECATED_OBJC_IMPLEMENTATIONS = YES;
				CLANG_WARN_DIRECT_OBJC_ISA_USAGE = YES_ERROR;
				CLANG_WARN_DOCUMENTATION_COMMENTS = YES;
				CLANG_WARN_EMPTY_BODY = YES;
				CLANG_WARN_ENUM_CONVERSION = YES;
				CLANG_WARN_INFINITE_RECURSION = YES;
				CLANG_WARN_INT_CONVERSION = YES;
				CLANG_WARN_NON_LITERAL_NULL_CONVERSION = YES;
				CLANG_WARN_OBJC_IMPLICIT_RETAIN_SELF = YES;
				CLANG_WARN_OBJC_LITERAL_CONVERSION = YES;
				CLANG_WARN_OBJC_ROOT_CLASS = YES_ERROR;
				CLANG_WARN_RANGE_LOOP_ANALYSIS = YES;
				CLANG_WARN_STRICT_PROTOTYPES = YES;
				CLANG_WARN_SUSPICIOUS_MOVE = YES;
				CLANG_WARN_UNGUARDED_AVAILABILITY = YES_AGGRESSIVE;
				CLANG_WARN_UNREACHABLE_CODE = YES;
				CLANG_WARN__DUPLICATE_METHOD_MATCH = YES;
				CODE_SIGN_IDENTITY = "iPhone Developer";
				COPY_PHASE_STRIP = NO;
				DEBUG_INFORMATION_FORMAT = "dwarf-with-dsym";
				ENABLE_NS_ASSERTIONS = NO;
				ENABLE_STRICT_OBJC_MSGSEND = YES;
				GCC_C_LANGUAGE_STANDARD = gnu11;
				GCC_NO_COMMON_BLOCKS = YES;
				GCC_WARN_64_TO_32_BIT_CONVERSION = YES;
				GCC_WARN_ABOUT_RETURN_TYPE = YES_ERROR;
				GCC_WARN_UNDECLARED_SELECTOR = YES;
				GCC_WARN_UNINITIALIZED_AUTOS = YES_AGGRESSIVE;
				GCC_WARN_UNUSED_FUNCTION = YES;
				GCC_WARN_UNUSED_VARIABLE = YES;
				IPHONEOS_DEPLOYMENT_TARGET = 12.2;
				MTL_ENABLE_DEBUG_INFO = NO;
				MTL_FAST_MATH = YES;
				SDKROOT = iphoneos;
				SWIFT_COMPILATION_MODE = wholemodule;
				SWIFT_OPTIMIZATION_LEVEL = "-O";
				VALIDATE_PRODUCT = YES;
			};
			name = Release;
		};
		18553A6922DE4055007D400C /* Debug */ = {
			isa = XCBuildConfiguration;
			buildSettings = {
				ASSETCATALOG_COMPILER_APPICON_NAME = AppIcon;
				CODE_SIGN_STYLE = Automatic;
				INFOPLIST_FILE = realViewFinder/Info.plist;
				LD_RUNPATH_SEARCH_PATHS = (
					"$(inherited)",
					"@executable_path/Frameworks",
				);
				PRODUCT_BUNDLE_IDENTIFIER = MM.realViewFinder;
				PRODUCT_NAME = "$(TARGET_NAME)";
				SWIFT_VERSION = 5.0;
				TARGETED_DEVICE_FAMILY = "1,2";
			};
			name = Debug;
		};
		18553A6A22DE4055007D400C /* Release */ = {
			isa = XCBuildConfiguration;
			buildSettings = {
				ASSETCATALOG_COMPILER_APPICON_NAME = AppIcon;
				CODE_SIGN_STYLE = Automatic;
				INFOPLIST_FILE = realViewFinder/Info.plist;
				LD_RUNPATH_SEARCH_PATHS = (
					"$(inherited)",
					"@executable_path/Frameworks",
				);
				PRODUCT_BUNDLE_IDENTIFIER = MM.realViewFinder;
				PRODUCT_NAME = "$(TARGET_NAME)";
				SWIFT_VERSION = 5.0;
				TARGETED_DEVICE_FAMILY = "1,2";
			};
			name = Release;
		};
/* End XCBuildConfiguration section */

/* Begin XCConfigurationList section */
		18553A4E22DE4053007D400C /* Build configuration list for PBXProject "realViewFinder" */ = {
			isa = XCConfigurationList;
			buildConfigurations = (
				18553A6622DE4055007D400C /* Debug */,
				18553A6722DE4055007D400C /* Release */,
			);
			defaultConfigurationIsVisible = 0;
			defaultConfigurationName = Release;
		};
		18553A6822DE4055007D400C /* Build configuration list for PBXNativeTarget "realViewFinder" */ = {
			isa = XCConfigurationList;
			buildConfigurations = (
				18553A6922DE4055007D400C /* Debug */,
				18553A6A22DE4055007D400C /* Release */,
			);
			defaultConfigurationIsVisible = 0;
			defaultConfigurationName = Release;
		};
/* End XCConfigurationList section */

/* Begin XCVersionGroup section */
		18553A5D22DE4053007D400C /* realViewFinder.xcdatamodeld */ = {
			isa = XCVersionGroup;
			children = (
				18553A5E22DE4053007D400C /* realViewFinder.xcdatamodel */,
			);
			currentVersion = 18553A5E22DE4053007D400C /* realViewFinder.xcdatamodel */;
			path = realViewFinder.xcdatamodeld;
			sourceTree = "<group>";
			versionGroupType = wrapper.xcdatamodel;
		};
/* End XCVersionGroup section */
	};
	rootObject = 18553A4B22DE4053007D400C /* Project object */;
}
